// !$*UTF8*$!
{
	archiveVersion = 1;
	classes = {
	};
	objectVersion = 50;
	objects = {

/* Begin PBXBuildFile section */
		37AFEB8C22A2C8DF00E41FE2 /* AppDelegate.swift in Sources */ = {isa = PBXBuildFile; fileRef = 37AFEB8B22A2C8DF00E41FE2 /* AppDelegate.swift */; };
		37AFEB8E22A2C8DF00E41FE2 /* ViewController.swift in Sources */ = {isa = PBXBuildFile; fileRef = 37AFEB8D22A2C8DF00E41FE2 /* ViewController.swift */; };
		37AFEB9122A2C8E000E41FE2 /* Main.storyboard in Resources */ = {isa = PBXBuildFile; fileRef = 37AFEB8F22A2C8E000E41FE2 /* Main.storyboard */; };
		37AFEB9322A2C8E100E41FE2 /* Assets.xcassets in Resources */ = {isa = PBXBuildFile; fileRef = 37AFEB9222A2C8E100E41FE2 /* Assets.xcassets */; };
		37AFEB9622A2C8E100E41FE2 /* LaunchScreen.storyboard in Resources */ = {isa = PBXBuildFile; fileRef = 37AFEB9422A2C8E100E41FE2 /* LaunchScreen.storyboard */; };
		37B1577222A2D66E007E55D9 /* Authentication.storyboard in Resources */ = {isa = PBXBuildFile; fileRef = 37B1577122A2D66E007E55D9 /* Authentication.storyboard */; };
		37B1577422A2D691007E55D9 /* LoginViewController.swift in Sources */ = {isa = PBXBuildFile; fileRef = 37B1577322A2D691007E55D9 /* LoginViewController.swift */; };
		37FD224A22A2DB7700FD825E /* Register.storyboard in Resources */ = {isa = PBXBuildFile; fileRef = 37FD224922A2DB7700FD825E /* Register.storyboard */; };
		37FD224C22A2DB8400FD825E /* RegisterViewController.swift in Sources */ = {isa = PBXBuildFile; fileRef = 37FD224B22A2DB8400FD825E /* RegisterViewController.swift */; };
		37FD224E22A2E0CB00FD825E /* CategoriesCollectionViewCell.swift in Sources */ = {isa = PBXBuildFile; fileRef = 37FD224D22A2E0CB00FD825E /* CategoriesCollectionViewCell.swift */; };
		37FD225022A313C700FD825E /* Data.swift in Sources */ = {isa = PBXBuildFile; fileRef = 37FD224F22A313C700FD825E /* Data.swift */; };
		37FD225422A31BE200FD825E /* GothamBold.ttf in Resources */ = {isa = PBXBuildFile; fileRef = 37FD225122A31BE100FD825E /* GothamBold.ttf */; };
		37FD225522A31BE200FD825E /* GothamLight.ttf in Resources */ = {isa = PBXBuildFile; fileRef = 37FD225222A31BE100FD825E /* GothamLight.ttf */; };
		37FD225622A31BE200FD825E /* GothamMedium.ttf in Resources */ = {isa = PBXBuildFile; fileRef = 37FD225322A31BE100FD825E /* GothamMedium.ttf */; };
		37FD225822A3248200FD825E /* Points.swift in Sources */ = {isa = PBXBuildFile; fileRef = 37FD225722A3248200FD825E /* Points.swift */; };
		8E00E29F5A43352B2D6AD852 /* Pods_Ecolec.framework in Frameworks */ = {isa = PBXBuildFile; fileRef = 440D099A6B504797643EDCD7 /* Pods_Ecolec.framework */; };
/* End PBXBuildFile section */

/* Begin PBXFileReference section */
		37AFEB8822A2C8DF00E41FE2 /* Ecolec.app */ = {isa = PBXFileReference; explicitFileType = wrapper.application; includeInIndex = 0; path = Ecolec.app; sourceTree = BUILT_PRODUCTS_DIR; };
		37AFEB8B22A2C8DF00E41FE2 /* AppDelegate.swift */ = {isa = PBXFileReference; lastKnownFileType = sourcecode.swift; path = AppDelegate.swift; sourceTree = "<group>"; };
		37AFEB8D22A2C8DF00E41FE2 /* ViewController.swift */ = {isa = PBXFileReference; lastKnownFileType = sourcecode.swift; path = ViewController.swift; sourceTree = "<group>"; };
		37AFEB9022A2C8E000E41FE2 /* Base */ = {isa = PBXFileReference; lastKnownFileType = file.storyboard; name = Base; path = Base.lproj/Main.storyboard; sourceTree = "<group>"; };
		37AFEB9222A2C8E100E41FE2 /* Assets.xcassets */ = {isa = PBXFileReference; lastKnownFileType = folder.assetcatalog; path = Assets.xcassets; sourceTree = "<group>"; };
		37AFEB9522A2C8E100E41FE2 /* Base */ = {isa = PBXFileReference; lastKnownFileType = file.storyboard; name = Base; path = Base.lproj/LaunchScreen.storyboard; sourceTree = "<group>"; };
		37AFEB9722A2C8E100E41FE2 /* Info.plist */ = {isa = PBXFileReference; lastKnownFileType = text.plist.xml; path = Info.plist; sourceTree = "<group>"; };
		37B1577122A2D66E007E55D9 /* Authentication.storyboard */ = {isa = PBXFileReference; lastKnownFileType = file.storyboard; path = Authentication.storyboard; sourceTree = "<group>"; };
		37B1577322A2D691007E55D9 /* LoginViewController.swift */ = {isa = PBXFileReference; lastKnownFileType = sourcecode.swift; path = LoginViewController.swift; sourceTree = "<group>"; };
		37FD224922A2DB7700FD825E /* Register.storyboard */ = {isa = PBXFileReference; lastKnownFileType = file.storyboard; path = Register.storyboard; sourceTree = "<group>"; };
		37FD224B22A2DB8400FD825E /* RegisterViewController.swift */ = {isa = PBXFileReference; lastKnownFileType = sourcecode.swift; path = RegisterViewController.swift; sourceTree = "<group>"; };
		37FD224D22A2E0CB00FD825E /* CategoriesCollectionViewCell.swift */ = {isa = PBXFileReference; lastKnownFileType = sourcecode.swift; path = CategoriesCollectionViewCell.swift; sourceTree = "<group>"; };
		37FD224F22A313C700FD825E /* Data.swift */ = {isa = PBXFileReference; lastKnownFileType = sourcecode.swift; path = Data.swift; sourceTree = "<group>"; };
		37FD225122A31BE100FD825E /* GothamBold.ttf */ = {isa = PBXFileReference; lastKnownFileType = file; path = GothamBold.ttf; sourceTree = "<group>"; };
		37FD225222A31BE100FD825E /* GothamLight.ttf */ = {isa = PBXFileReference; lastKnownFileType = file; path = GothamLight.ttf; sourceTree = "<group>"; };
		37FD225322A31BE100FD825E /* GothamMedium.ttf */ = {isa = PBXFileReference; lastKnownFileType = file; path = GothamMedium.ttf; sourceTree = "<group>"; };
		37FD225722A3248200FD825E /* Points.swift */ = {isa = PBXFileReference; lastKnownFileType = sourcecode.swift; path = Points.swift; sourceTree = "<group>"; };
		440D099A6B504797643EDCD7 /* Pods_Ecolec.framework */ = {isa = PBXFileReference; explicitFileType = wrapper.framework; includeInIndex = 0; path = Pods_Ecolec.framework; sourceTree = BUILT_PRODUCTS_DIR; };
		6E1D6176AF7B2F98A6259B68 /* Pods-Ecolec.release.xcconfig */ = {isa = PBXFileReference; includeInIndex = 1; lastKnownFileType = text.xcconfig; name = "Pods-Ecolec.release.xcconfig"; path = "Pods/Target Support Files/Pods-Ecolec/Pods-Ecolec.release.xcconfig"; sourceTree = "<group>"; };
		833295ADBA0117D04AC0B678 /* Pods-Ecolec.debug.xcconfig */ = {isa = PBXFileReference; includeInIndex = 1; lastKnownFileType = text.xcconfig; name = "Pods-Ecolec.debug.xcconfig"; path = "Pods/Target Support Files/Pods-Ecolec/Pods-Ecolec.debug.xcconfig"; sourceTree = "<group>"; };
/* End PBXFileReference section */

/* Begin PBXFrameworksBuildPhase section */
		37AFEB8522A2C8DF00E41FE2 /* Frameworks */ = {
			isa = PBXFrameworksBuildPhase;
			buildActionMask = 2147483647;
			files = (
				8E00E29F5A43352B2D6AD852 /* Pods_Ecolec.framework in Frameworks */,
			);
			runOnlyForDeploymentPostprocessing = 0;
		};
/* End PBXFrameworksBuildPhase section */

/* Begin PBXGroup section */
		37AFEB7F22A2C8DF00E41FE2 = {
			isa = PBXGroup;
			children = (
				37AFEB8A22A2C8DF00E41FE2 /* Ecolec */,
				37AFEB8922A2C8DF00E41FE2 /* Products */,
				AE7F76449A5DB63B094BCA65 /* Pods */,
				C88D7A20D890CDB12F82B0DF /* Frameworks */,
			);
			sourceTree = "<group>";
		};
		37AFEB8922A2C8DF00E41FE2 /* Products */ = {
			isa = PBXGroup;
			children = (
				37AFEB8822A2C8DF00E41FE2 /* Ecolec.app */,
			);
			name = Products;
			sourceTree = "<group>";
		};
		37AFEB8A22A2C8DF00E41FE2 /* Ecolec */ = {
			isa = PBXGroup;
			children = (
				37AFEB8B22A2C8DF00E41FE2 /* AppDelegate.swift */,
				37AFEB8D22A2C8DF00E41FE2 /* ViewController.swift */,
				37AFEB8F22A2C8E000E41FE2 /* Main.storyboard */,
				37AFEB9222A2C8E100E41FE2 /* Assets.xcassets */,
				37AFEB9422A2C8E100E41FE2 /* LaunchScreen.storyboard */,
				37AFEB9722A2C8E100E41FE2 /* Info.plist */,
				37B1577122A2D66E007E55D9 /* Authentication.storyboard */,
				37B1577322A2D691007E55D9 /* LoginViewController.swift */,
				37FD225122A31BE100FD825E /* GothamBold.ttf */,
				37FD225222A31BE100FD825E /* GothamLight.ttf */,
				37FD225322A31BE100FD825E /* GothamMedium.ttf */,
				37FD224922A2DB7700FD825E /* Register.storyboard */,
				37FD224B22A2DB8400FD825E /* RegisterViewController.swift */,
				37FD224D22A2E0CB00FD825E /* CategoriesCollectionViewCell.swift */,
				37FD224F22A313C700FD825E /* Data.swift */,
				37FD225722A3248200FD825E /* Points.swift */,
			);
			path = Ecolec;
			sourceTree = "<group>";
		};
		AE7F76449A5DB63B094BCA65 /* Pods */ = {
			isa = PBXGroup;
			children = (
				833295ADBA0117D04AC0B678 /* Pods-Ecolec.debug.xcconfig */,
				6E1D6176AF7B2F98A6259B68 /* Pods-Ecolec.release.xcconfig */,
			);
			name = Pods;
			sourceTree = "<group>";
		};
		C88D7A20D890CDB12F82B0DF /* Frameworks */ = {
			isa = PBXGroup;
			children = (
				440D099A6B504797643EDCD7 /* Pods_Ecolec.framework */,
			);
			name = Frameworks;
			sourceTree = "<group>";
		};
/* End PBXGroup section */

/* Begin PBXNativeTarget section */
		37AFEB8722A2C8DF00E41FE2 /* Ecolec */ = {
			isa = PBXNativeTarget;
			buildConfigurationList = 37AFEB9A22A2C8E100E41FE2 /* Build configuration list for PBXNativeTarget "Ecolec" */;
			buildPhases = (
				A703D3BDF133945EE0B7AEE7 /* [CP] Check Pods Manifest.lock */,
				37AFEB8422A2C8DF00E41FE2 /* Sources */,
				37AFEB8522A2C8DF00E41FE2 /* Frameworks */,
				37AFEB8622A2C8DF00E41FE2 /* Resources */,
				5360113903A4979F90C4F793 /* [CP] Copy Pods Resources */,
				9B993DEC3F90B5911AC99556 /* [CP] Embed Pods Frameworks */,
			);
			buildRules = (
			);
			dependencies = (
			);
			name = Ecolec;
			productName = Ecolec;
			productReference = 37AFEB8822A2C8DF00E41FE2 /* Ecolec.app */;
			productType = "com.apple.product-type.application";
		};
/* End PBXNativeTarget section */

/* Begin PBXProject section */
		37AFEB8022A2C8DF00E41FE2 /* Project object */ = {
			isa = PBXProject;
			attributes = {
				LastSwiftUpdateCheck = 1020;
				LastUpgradeCheck = 1020;
				ORGANIZATIONNAME = Nicolas;
				TargetAttributes = {
					37AFEB8722A2C8DF00E41FE2 = {
						CreatedOnToolsVersion = 10.2.1;
					};
				};
			};
			buildConfigurationList = 37AFEB8322A2C8DF00E41FE2 /* Build configuration list for PBXProject "Ecolec" */;
			compatibilityVersion = "Xcode 9.3";
			developmentRegion = en;
			hasScannedForEncodings = 0;
			knownRegions = (
				en,
				Base,
			);
			mainGroup = 37AFEB7F22A2C8DF00E41FE2;
			productRefGroup = 37AFEB8922A2C8DF00E41FE2 /* Products */;
			projectDirPath = "";
			projectRoot = "";
			targets = (
				37AFEB8722A2C8DF00E41FE2 /* Ecolec */,
			);
		};
/* End PBXProject section */

/* Begin PBXResourcesBuildPhase section */
		37AFEB8622A2C8DF00E41FE2 /* Resources */ = {
			isa = PBXResourcesBuildPhase;
			buildActionMask = 2147483647;
			files = (
				37B1577222A2D66E007E55D9 /* Authentication.storyboard in Resources */,
				37AFEB9622A2C8E100E41FE2 /* LaunchScreen.storyboard in Resources */,
				37AFEB9322A2C8E100E41FE2 /* Assets.xcassets in Resources */,
				37AFEB9122A2C8E000E41FE2 /* Main.storyboard in Resources */,
				37FD225522A31BE200FD825E /* GothamLight.ttf in Resources */,
				37FD225622A31BE200FD825E /* GothamMedium.ttf in Resources */,
				37FD224A22A2DB7700FD825E /* Register.storyboard in Resources */,
				37FD225422A31BE200FD825E /* GothamBold.ttf in Resources */,
			);
			runOnlyForDeploymentPostprocessing = 0;
		};
/* End PBXResourcesBuildPhase section */

/* Begin PBXShellScriptBuildPhase section */
		5360113903A4979F90C4F793 /* [CP] Copy Pods Resources */ = {
			isa = PBXShellScriptBuildPhase;
			buildActionMask = 2147483647;
			files = (
			);
			inputFileListPaths = (
			);
			inputPaths = (
				"${SRCROOT}/Pods/Target Support Files/Pods-Ecolec/Pods-Ecolec-resources.sh",
				"${PODS_ROOT}/GoogleMaps/Maps/Frameworks/GoogleMaps.framework/Resources/GoogleMaps.bundle",
				"${PODS_ROOT}/GooglePlaces/Frameworks/GooglePlaces.framework/Resources/GooglePlaces.bundle",
			);
			name = "[CP] Copy Pods Resources";
			outputFileListPaths = (
			);
			outputPaths = (
				"${TARGET_BUILD_DIR}/${UNLOCALIZED_RESOURCES_FOLDER_PATH}/GoogleMaps.bundle",
				"${TARGET_BUILD_DIR}/${UNLOCALIZED_RESOURCES_FOLDER_PATH}/GooglePlaces.bundle",
			);
			runOnlyForDeploymentPostprocessing = 0;
			shellPath = /bin/sh;
			shellScript = "\"${SRCROOT}/Pods/Target Support Files/Pods-Ecolec/Pods-Ecolec-resources.sh\"\n";
			showEnvVarsInLog = 0;
		};
		9B993DEC3F90B5911AC99556 /* [CP] Embed Pods Frameworks */ = {
			isa = PBXShellScriptBuildPhase;
			buildActionMask = 2147483647;
			files = (
			);
			inputFileListPaths = (
			);
			inputPaths = (
				"${SRCROOT}/Pods/Target Support Files/Pods-Ecolec/Pods-Ecolec-frameworks.sh",
				"${BUILT_PRODUCTS_DIR}/Alamofire/Alamofire.framework",
				"${BUILT_PRODUCTS_DIR}/SwiftyJSON/SwiftyJSON.framework",
			);
			name = "[CP] Embed Pods Frameworks";
			outputFileListPaths = (
			);
			outputPaths = (
				"${TARGET_BUILD_DIR}/${FRAMEWORKS_FOLDER_PATH}/Alamofire.framework",
				"${TARGET_BUILD_DIR}/${FRAMEWORKS_FOLDER_PATH}/SwiftyJSON.framework",
			);
			runOnlyForDeploymentPostprocessing = 0;
			shellPath = /bin/sh;
			shellScript = "\"${SRCROOT}/Pods/Target Support Files/Pods-Ecolec/Pods-Ecolec-frameworks.sh\"\n";
			showEnvVarsInLog = 0;
		};
		A703D3BDF133945EE0B7AEE7 /* [CP] Check Pods Manifest.lock */ = {
			isa = PBXShellScriptBuildPhase;
			buildActionMask = 2147483647;
			files = (
			);
			inputFileListPaths = (
			);
			inputPaths = (
				"${PODS_PODFILE_DIR_PATH}/Podfile.lock",
				"${PODS_ROOT}/Manifest.lock",
			);
			name = "[CP] Check Pods Manifest.lock";
			outputFileListPaths = (
			);
			outputPaths = (
				"$(DERIVED_FILE_DIR)/Pods-Ecolec-checkManifestLockResult.txt",
			);
			runOnlyForDeploymentPostprocessing = 0;
			shellPath = /bin/sh;
			shellScript = "diff \"${PODS_PODFILE_DIR_PATH}/Podfile.lock\" \"${PODS_ROOT}/Manifest.lock\" > /dev/null\nif [ $? != 0 ] ; then\n    # print error to STDERR\n    echo \"error: The sandbox is not in sync with the Podfile.lock. Run 'pod install' or update your CocoaPods installation.\" >&2\n    exit 1\nfi\n# This output is used by Xcode 'outputs' to avoid re-running this script phase.\necho \"SUCCESS\" > \"${SCRIPT_OUTPUT_FILE_0}\"\n";
			showEnvVarsInLog = 0;
		};
/* End PBXShellScriptBuildPhase section */

/* Begin PBXSourcesBuildPhase section */
		37AFEB8422A2C8DF00E41FE2 /* Sources */ = {
			isa = PBXSourcesBuildPhase;
			buildActionMask = 2147483647;
			files = (
				37B1577422A2D691007E55D9 /* LoginViewController.swift in Sources */,
				37FD225022A313C700FD825E /* Data.swift in Sources */,
				37AFEB8E22A2C8DF00E41FE2 /* ViewController.swift in Sources */,
				37AFEB8C22A2C8DF00E41FE2 /* AppDelegate.swift in Sources */,
				37FD225822A3248200FD825E /* Points.swift in Sources */,
				37FD224C22A2DB8400FD825E /* RegisterViewController.swift in Sources */,
				37FD224E22A2E0CB00FD825E /* CategoriesCollectionViewCell.swift in Sources */,
			);
			runOnlyForDeploymentPostprocessing = 0;
		};
/* End PBXSourcesBuildPhase section */

/* Begin PBXVariantGroup section */
		37AFEB8F22A2C8E000E41FE2 /* Main.storyboard */ = {
			isa = PBXVariantGroup;
			children = (
				37AFEB9022A2C8E000E41FE2 /* Base */,
			);
			name = Main.storyboard;
			sourceTree = "<group>";
		};
		37AFEB9422A2C8E100E41FE2 /* LaunchScreen.storyboard */ = {
			isa = PBXVariantGroup;
			children = (
				37AFEB9522A2C8E100E41FE2 /* Base */,
			);
			name = LaunchScreen.storyboard;
			sourceTree = "<group>";
		};
/* End PBXVariantGroup section */

/* Begin XCBuildConfiguration section */
		37AFEB9822A2C8E100E41FE2 /* Debug */ = {
			isa = XCBuildConfiguration;
			buildSettings = {
				ALWAYS_SEARCH_USER_PATHS = NO;
				CLANG_ANALYZER_NONNULL = YES;
				CLANG_ANALYZER_NUMBER_OBJECT_CONVERSION = YES_AGGRESSIVE;
				CLANG_CXX_LANGUAGE_STANDARD = "gnu++14";
				CLANG_CXX_LIBRARY = "libc++";
				CLANG_ENABLE_MODULES = YES;
				CLANG_ENABLE_OBJC_ARC = YES;
				CLANG_ENABLE_OBJC_WEAK = YES;
				CLANG_WARN_BLOCK_CAPTURE_AUTORELEASING = YES;
				CLANG_WARN_BOOL_CONVERSION = YES;
				CLANG_WARN_COMMA = YES;
				CLANG_WARN_CONSTANT_CONVERSION = YES;
				CLANG_WARN_DEPRECATED_OBJC_IMPLEMENTATIONS = YES;
				CLANG_WARN_DIRECT_OBJC_ISA_USAGE = YES_ERROR;
				CLANG_WARN_DOCUMENTATION_COMMENTS = YES;
				CLANG_WARN_EMPTY_BODY = YES;
				CLANG_WARN_ENUM_CONVERSION = YES;
				CLANG_WARN_INFINITE_RECURSION = YES;
				CLANG_WARN_INT_CONVERSION = YES;
				CLANG_WARN_NON_LITERAL_NULL_CONVERSION = YES;
				CLANG_WARN_OBJC_IMPLICIT_RETAIN_SELF = YES;
				CLANG_WARN_OBJC_LITERAL_CONVERSION = YES;
				CLANG_WARN_OBJC_ROOT_CLASS = YES_ERROR;
				CLANG_WARN_RANGE_LOOP_ANALYSIS = YES;
				CLANG_WARN_STRICT_PROTOTYPES = YES;
				CLANG_WARN_SUSPICIOUS_MOVE = YES;
				CLANG_WARN_UNGUARDED_AVAILABILITY = YES_AGGRESSIVE;
				CLANG_WARN_UNREACHABLE_CODE = YES;
				CLANG_WARN__DUPLICATE_METHOD_MATCH = YES;
				CODE_SIGN_IDENTITY = "iPhone Developer";
				COPY_PHASE_STRIP = NO;
				DEBUG_INFORMATION_FORMAT = dwarf;
				ENABLE_STRICT_OBJC_MSGSEND = YES;
				ENABLE_TESTABILITY = YES;
				GCC_C_LANGUAGE_STANDARD = gnu11;
				GCC_DYNAMIC_NO_PIC = NO;
				GCC_NO_COMMON_BLOCKS = YES;
				GCC_OPTIMIZATION_LEVEL = 0;
				GCC_PREPROCESSOR_DEFINITIONS = (
					"DEBUG=1",
					"$(inherited)",
				);
				GCC_WARN_64_TO_32_BIT_CONVERSION = YES;
				GCC_WARN_ABOUT_RETURN_TYPE = YES_ERROR;
				GCC_WARN_UNDECLARED_SELECTOR = YES;
				GCC_WARN_UNINITIALIZED_AUTOS = YES_AGGRESSIVE;
				GCC_WARN_UNUSED_FUNCTION = YES;
				GCC_WARN_UNUSED_VARIABLE = YES;
				IPHONEOS_DEPLOYMENT_TARGET = 12.2;
				MTL_ENABLE_DEBUG_INFO = INCLUDE_SOURCE;
				MTL_FAST_MATH = YES;
				ONLY_ACTIVE_ARCH = YES;
				SDKROOT = iphoneos;
				SWIFT_ACTIVE_COMPILATION_CONDITIONS = DEBUG;
				SWIFT_OPTIMIZATION_LEVEL = "-Onone";
			};
			name = Debug;
		};
		37AFEB9922A2C8E100E41FE2 /* Release */ = {
			isa = XCBuildConfiguration;
			buildSettings = {
				ALWAYS_SEARCH_USER_PATHS = NO;
				CLANG_ANALYZER_NONNULL = YES;
				CLANG_ANALYZER_NUMBER_OBJECT_CONVERSION = YES_AGGRESSIVE;
				CLANG_CXX_LANGUAGE_STANDARD = "gnu++14";
				CLANG_CXX_LIBRARY = "libc++";
				CLANG_ENABLE_MODULES = YES;
				CLANG_ENABLE_OBJC_ARC = YES;
				CLANG_ENABLE_OBJC_WEAK = YES;
				CLANG_WARN_BLOCK_CAPTURE_AUTORELEASING = YES;
				CLANG_WARN_BOOL_CONVERSION = YES;
				CLANG_WARN_COMMA = YES;
				CLANG_WARN_CONSTANT_CONVERSION = YES;
				CLANG_WARN_DEPRECATED_OBJC_IMPLEMENTATIONS = YES;
				CLANG_WARN_DIRECT_OBJC_ISA_USAGE = YES_ERROR;
				CLANG_WARN_DOCUMENTATION_COMMENTS = YES;
				CLANG_WARN_EMPTY_BODY = YES;
				CLANG_WARN_ENUM_CONVERSION = YES;
				CLANG_WARN_INFINITE_RECURSION = YES;
				CLANG_WARN_INT_CONVERSION = YES;
				CLANG_WARN_NON_LITERAL_NULL_CONVERSION = YES;
				CLANG_WARN_OBJC_IMPLICIT_RETAIN_SELF = YES;
				CLANG_WARN_OBJC_LITERAL_CONVERSION = YES;
				CLANG_WARN_OBJC_ROOT_CLASS = YES_ERROR;
				CLANG_WARN_RANGE_LOOP_ANALYSIS = YES;
				CLANG_WARN_STRICT_PROTOTYPES = YES;
				CLANG_WARN_SUSPICIOUS_MOVE = YES;
				CLANG_WARN_UNGUARDED_AVAILABILITY = YES_AGGRESSIVE;
				CLANG_WARN_UNREACHABLE_CODE = YES;
				CLANG_WARN__DUPLICATE_METHOD_MATCH = YES;
				CODE_SIGN_IDENTITY = "iPhone Developer";
				COPY_PHASE_STRIP = NO;
				DEBUG_INFORMATION_FORMAT = "dwarf-with-dsym";
				ENABLE_NS_ASSERTIONS = NO;
				ENABLE_STRICT_OBJC_MSGSEND = YES;
				GCC_C_LANGUAGE_STANDARD = gnu11;
				GCC_NO_COMMON_BLOCKS = YES;
				GCC_WARN_64_TO_32_BIT_CONVERSION = YES;
				GCC_WARN_ABOUT_RETURN_TYPE = YES_ERROR;
				GCC_WARN_UNDECLARED_SELECTOR = YES;
				GCC_WARN_UNINITIALIZED_AUTOS = YES_AGGRESSIVE;
				GCC_WARN_UNUSED_FUNCTION = YES;
				GCC_WARN_UNUSED_VARIABLE = YES;
				IPHONEOS_DEPLOYMENT_TARGET = 12.2;
				MTL_ENABLE_DEBUG_INFO = NO;
				MTL_FAST_MATH = YES;
				SDKROOT = iphoneos;
				SWIFT_COMPILATION_MODE = wholemodule;
				SWIFT_OPTIMIZATION_LEVEL = "-O";
				VALIDATE_PRODUCT = YES;
			};
			name = Release;
		};
		37AFEB9B22A2C8E100E41FE2 /* Debug */ = {
			isa = XCBuildConfiguration;
			baseConfigurationReference = 833295ADBA0117D04AC0B678 /* Pods-Ecolec.debug.xcconfig */;
			buildSettings = {
				ASSETCATALOG_COMPILER_APPICON_NAME = AppIcon;
				CODE_SIGN_STYLE = Automatic;
				DEVELOPMENT_TEAM = ULRWX57QJQ;
				INFOPLIST_FILE = Ecolec/Info.plist;
				IPHONEOS_DEPLOYMENT_TARGET = 12.0;
				LD_RUNPATH_SEARCH_PATHS = (
					"$(inherited)",
					"@executable_path/Frameworks",
				);
				PRODUCT_BUNDLE_IDENTIFIER = com.Ecolec;
				PRODUCT_NAME = "$(TARGET_NAME)";
				SWIFT_VERSION = 4.2;
				TARGETED_DEVICE_FAMILY = "1,2";
			};
			name = Debug;
		};
		37AFEB9C22A2C8E100E41FE2 /* Release */ = {
			isa = XCBuildConfiguration;
			baseConfigurationReference = 6E1D6176AF7B2F98A6259B68 /* Pods-Ecolec.release.xcconfig */;
			buildSettings = {
				ASSETCATALOG_COMPILER_APPICON_NAME = AppIcon;
				CODE_SIGN_STYLE = Automatic;
				DEVELOPMENT_TEAM = ULRWX57QJQ;
				INFOPLIST_FILE = Ecolec/Info.plist;
				IPHONEOS_DEPLOYMENT_TARGET = 12.0;
				LD_RUNPATH_SEARCH_PATHS = (
					"$(inherited)",
					"@executable_path/Frameworks",
				);
				PRODUCT_BUNDLE_IDENTIFIER = com.Ecolec;
				PRODUCT_NAME = "$(TARGET_NAME)";
				SWIFT_VERSION = 4.2;
				TARGETED_DEVICE_FAMILY = "1,2";
			};
			name = Release;
		};
/* End XCBuildConfiguration section */

/* Begin XCConfigurationList section */
		37AFEB8322A2C8DF00E41FE2 /* Build configuration list for PBXProject "Ecolec" */ = {
			isa = XCConfigurationList;
			buildConfigurations = (
				37AFEB9822A2C8E100E41FE2 /* Debug */,
				37AFEB9922A2C8E100E41FE2 /* Release */,
			);
			defaultConfigurationIsVisible = 0;
			defaultConfigurationName = Release;
		};
		37AFEB9A22A2C8E100E41FE2 /* Build configuration list for PBXNativeTarget "Ecolec" */ = {
			isa = XCConfigurationList;
			buildConfigurations = (
				37AFEB9B22A2C8E100E41FE2 /* Debug */,
				37AFEB9C22A2C8E100E41FE2 /* Release */,
			);
			defaultConfigurationIsVisible = 0;
			defaultConfigurationName = Release;
		};
/* End XCConfigurationList section */
	};
	rootObject = 37AFEB8022A2C8DF00E41FE2 /* Project object */;
}
